
Microsoft Visual Studio Solution File, Format Version 12.00
# Visual Studio Version 16
VisualStudioVersion = 16.0.30114.105
MinimumVisualStudioVersion = 10.0.40219.1
Project("{9A19103F-16F7-4668-BE54-9A1E7A4F7556}") = "Bolt.Template.WebApi", "Bolt.Template.WebApi\Bolt.Template.WebApi.csproj", "{F7B721D3-411A-4C5C-8189-43B92D50822C}"
EndProject
Global
	GlobalSection(SolutionConfigurationPlatforms) = preSolution
		Debug|Any CPU = Debug|Any CPU
		Release|Any CPU = Release|Any CPU
	EndGlobalSection
	GlobalSection(ProjectConfigurationPlatforms) = postSolution
		{F7B721D3-411A-4C5C-8189-43B92D50822C}.Debug|Any CPU.ActiveCfg = Debug|Any CPU
		{F7B721D3-411A-4C5C-8189-43B92D50822C}.Debug|Any CPU.Build.0 = Debug|Any CPU
		{F7B721D3-411A-4C5C-8189-43B92D50822C}.Release|Any CPU.ActiveCfg = Release|Any CPU
		{F7B721D3-411A-4C5C-8189-43B92D50822C}.Release|Any CPU.Build.0 = Release|Any CPU
	EndGlobalSection
	GlobalSection(SolutionProperties) = preSolution
		HideSolutionNode = FALSE
	EndGlobalSection
	GlobalSection(ExtensibilityGlobals) = postSolution
		SolutionGuid = {6114678D-6B7B-4E2E-86F5-B57451E57202}
	EndGlobalSection
EndGlobal
